# THIS IS AN AUTOGENERATED FILE. DO NOT EDIT THIS FILE DIRECTLY.
# yarn lockfile v1


"@hotwired/stimulus@^3.0.0":
  "integrity" "sha512-eGeIqNOQpXoPAIP7tC1+1Yc1yl1xnwYqg+3mzqxyrbE5pg5YFBZcA6YoTiByJB6DKAEsiWtl6tjTJS4IYtbB7A=="
  "resolved" "https://registry.npmjs.org/@hotwired/stimulus/-/stimulus-3.2.2.tgz"
  "version" "3.2.2"

"@stimulus-components/rails-nested-form@^5.0.0":
  "integrity" "sha512-qrmmurT+KBPrz9iBlyrgJa6Di8i0j328kSk2SUR53nK5W0kDhw1YxVC91aUR+7EsFKiwJT1iB7oDSwpDhDQPeA=="
  "resolved" "https://registry.npmjs.org/@stimulus-components/rails-nested-form/-/rails-nested-form-5.0.0.tgz"
  "version" "5.0.0"
